
Microsoft Visual Studio Solution File, Format Version 12.00
# Visual Studio Version 17
VisualStudioVersion = 17.1.32228.430
MinimumVisualStudioVersion = 10.0.40219.1
Project("{2150E333-8FDC-42A3-9474-1A3956D46DE8}") = "Src", "Src", "{BDB3B73F-C71E-4512-B8EF-11265561EC88}"
EndProject
Project("{2150E333-8FDC-42A3-9474-1A3956D46DE8}") = "Tests", "Tests", "{67713FE5-FB95-465E-BC97-34D689092822}"
EndProject
Project("{9A19103F-16F7-4668-BE54-9A1E7A4F7556}") = "Template.Domain", "Src\Template.Domain\Template.Domain.csproj", "{0918CF5D-CE4F-4C24-A486-F352B4060C44}"
EndProject
Project("{9A19103F-16F7-4668-BE54-9A1E7A4F7556}") = "Template.Application", "Src\Template.Application\Template.Application.csproj", "{F3CAF44E-4177-4E3A-8C45-C56D77770806}"
EndProject
Project("{9A19103F-16F7-4668-BE54-9A1E7A4F7556}") = "Template.Infrastructure", "Src\Template.Infrastructure\Template.Infrastructure.csproj", "{6B1694CF-99AB-47C4-8630-ECA4CB35F8F2}"
EndProject
Project("{9A19103F-16F7-4668-BE54-9A1E7A4F7556}") = "Template.WebUI.Client", "Src\Template.WebUI.Client\Template.WebUI.Client.csproj", "{86246562-E075-4CC3-9CE3-5EAC861938BF}"
EndProject
Project("{9A19103F-16F7-4668-BE54-9A1E7A4F7556}") = "Template.Application.IntegrationTests", "Tests\Template.Application.IntegrationTests\Template.Application.IntegrationTests.csproj", "{B59A00BF-CD77-40C5-80B4-5DC7966FFB2C}"
EndProject
Project("{9A19103F-16F7-4668-BE54-9A1E7A4F7556}") = "Template.Application.UnitTests", "Tests\Template.Application.UnitTests\Template.Application.UnitTests.csproj", "{5B810F60-1561-4931-B8A9-93370AB1AD7C}"
EndProject
Project("{9A19103F-16F7-4668-BE54-9A1E7A4F7556}") = "Template.Domain.UnitTests", "Tests\Template.Domain.UnitTests\Template.Domain.UnitTests.csproj", "{D4B73989-794F-448B-9BE5-887006C14937}"
EndProject
Project("{2150E333-8FDC-42A3-9474-1A3956D46DE8}") = "Solution Items", "Solution Items", "{4C0E64F2-2A43-4DAE-AA76-06A6CFC711CE}"
	ProjectSection(SolutionItems) = preProject
		Src\Template.WebUI.API\!app_offline.htm = Src\Template.WebUI.API\!app_offline.htm
		.gitignore = .gitignore
		Architecture.txt = Architecture.txt
		BitConfig.json = BitConfig.json
		Directory.build.props = Directory.build.props
	EndProjectSection
EndProject
Project("{FAE04EC0-301F-11D3-BF4B-00C04F79EFBC}") = "Template.WebUI.API", "Src\Template.WebUI.API\Template.WebUI.API.csproj", "{D21B95E8-F6CC-4998-A0A3-21BDD52CCC08}"
EndProject
Global
	GlobalSection(SolutionConfigurationPlatforms) = preSolution
		Debug|Any CPU = Debug|Any CPU
		Release|Any CPU = Release|Any CPU
	EndGlobalSection
	GlobalSection(ProjectConfigurationPlatforms) = postSolution
		{0918CF5D-CE4F-4C24-A486-F352B4060C44}.Debug|Any CPU.ActiveCfg = Debug|Any CPU
		{0918CF5D-CE4F-4C24-A486-F352B4060C44}.Debug|Any CPU.Build.0 = Debug|Any CPU
		{0918CF5D-CE4F-4C24-A486-F352B4060C44}.Release|Any CPU.ActiveCfg = Release|Any CPU
		{0918CF5D-CE4F-4C24-A486-F352B4060C44}.Release|Any CPU.Build.0 = Release|Any CPU
		{F3CAF44E-4177-4E3A-8C45-C56D77770806}.Debug|Any CPU.ActiveCfg = Debug|Any CPU
		{F3CAF44E-4177-4E3A-8C45-C56D77770806}.Debug|Any CPU.Build.0 = Debug|Any CPU
		{F3CAF44E-4177-4E3A-8C45-C56D77770806}.Release|Any CPU.ActiveCfg = Release|Any CPU
		{F3CAF44E-4177-4E3A-8C45-C56D77770806}.Release|Any CPU.Build.0 = Release|Any CPU
		{6B1694CF-99AB-47C4-8630-ECA4CB35F8F2}.Debug|Any CPU.ActiveCfg = Debug|Any CPU
		{6B1694CF-99AB-47C4-8630-ECA4CB35F8F2}.Debug|Any CPU.Build.0 = Debug|Any CPU
		{6B1694CF-99AB-47C4-8630-ECA4CB35F8F2}.Release|Any CPU.ActiveCfg = Release|Any CPU
		{6B1694CF-99AB-47C4-8630-ECA4CB35F8F2}.Release|Any CPU.Build.0 = Release|Any CPU
		{86246562-E075-4CC3-9CE3-5EAC861938BF}.Debug|Any CPU.ActiveCfg = Debug|Any CPU
		{86246562-E075-4CC3-9CE3-5EAC861938BF}.Debug|Any CPU.Build.0 = Debug|Any CPU
		{86246562-E075-4CC3-9CE3-5EAC861938BF}.Release|Any CPU.ActiveCfg = Release|Any CPU
		{86246562-E075-4CC3-9CE3-5EAC861938BF}.Release|Any CPU.Build.0 = Release|Any CPU
		{B59A00BF-CD77-40C5-80B4-5DC7966FFB2C}.Debug|Any CPU.ActiveCfg = Debug|Any CPU
		{B59A00BF-CD77-40C5-80B4-5DC7966FFB2C}.Debug|Any CPU.Build.0 = Debug|Any CPU
		{B59A00BF-CD77-40C5-80B4-5DC7966FFB2C}.Release|Any CPU.ActiveCfg = Release|Any CPU
		{B59A00BF-CD77-40C5-80B4-5DC7966FFB2C}.Release|Any CPU.Build.0 = Release|Any CPU
		{5B810F60-1561-4931-B8A9-93370AB1AD7C}.Debug|Any CPU.ActiveCfg = Debug|Any CPU
		{5B810F60-1561-4931-B8A9-93370AB1AD7C}.Debug|Any CPU.Build.0 = Debug|Any CPU
		{5B810F60-1561-4931-B8A9-93370AB1AD7C}.Release|Any CPU.ActiveCfg = Release|Any CPU
		{5B810F60-1561-4931-B8A9-93370AB1AD7C}.Release|Any CPU.Build.0 = Release|Any CPU
		{D4B73989-794F-448B-9BE5-887006C14937}.Debug|Any CPU.ActiveCfg = Debug|Any CPU
		{D4B73989-794F-448B-9BE5-887006C14937}.Debug|Any CPU.Build.0 = Debug|Any CPU
		{D4B73989-794F-448B-9BE5-887006C14937}.Release|Any CPU.ActiveCfg = Release|Any CPU
		{D4B73989-794F-448B-9BE5-887006C14937}.Release|Any CPU.Build.0 = Release|Any CPU
		{D21B95E8-F6CC-4998-A0A3-21BDD52CCC08}.Debug|Any CPU.ActiveCfg = Debug|Any CPU
		{D21B95E8-F6CC-4998-A0A3-21BDD52CCC08}.Debug|Any CPU.Build.0 = Debug|Any CPU
		{D21B95E8-F6CC-4998-A0A3-21BDD52CCC08}.Release|Any CPU.ActiveCfg = Release|Any CPU
		{D21B95E8-F6CC-4998-A0A3-21BDD52CCC08}.Release|Any CPU.Build.0 = Release|Any CPU
	EndGlobalSection
	GlobalSection(SolutionProperties) = preSolution
		HideSolutionNode = FALSE
	EndGlobalSection
	GlobalSection(NestedProjects) = preSolution
		{0918CF5D-CE4F-4C24-A486-F352B4060C44} = {BDB3B73F-C71E-4512-B8EF-11265561EC88}
		{F3CAF44E-4177-4E3A-8C45-C56D77770806} = {BDB3B73F-C71E-4512-B8EF-11265561EC88}
		{6B1694CF-99AB-47C4-8630-ECA4CB35F8F2} = {BDB3B73F-C71E-4512-B8EF-11265561EC88}
		{86246562-E075-4CC3-9CE3-5EAC861938BF} = {BDB3B73F-C71E-4512-B8EF-11265561EC88}
		{B59A00BF-CD77-40C5-80B4-5DC7966FFB2C} = {67713FE5-FB95-465E-BC97-34D689092822}
		{5B810F60-1561-4931-B8A9-93370AB1AD7C} = {67713FE5-FB95-465E-BC97-34D689092822}
		{D4B73989-794F-448B-9BE5-887006C14937} = {67713FE5-FB95-465E-BC97-34D689092822}
		{D21B95E8-F6CC-4998-A0A3-21BDD52CCC08} = {BDB3B73F-C71E-4512-B8EF-11265561EC88}
	EndGlobalSection
	GlobalSection(ExtensibilityGlobals) = postSolution
		SolutionGuid = {0598C8A1-B052-4661-8FE7-50948AE037B9}
	EndGlobalSection
EndGlobal
